
Microsoft Visual Studio Solution File, Format Version 12.00
# Visual Studio Version 16
VisualStudioVersion = 16.0.29009.5
MinimumVisualStudioVersion = 10.0.40219.1
Project("{FAE04EC0-301F-11D3-BF4B-00C04F79EFBC}") = "OrgApp", "OrgApp\OrgApp.csproj", "{83AE7EAD-15AB-4297-A738-763759F9931E}"
EndProject
Global
	GlobalSection(SolutionConfigurationPlatforms) = preSolution
		Debug|Any CPU = Debug|Any CPU
		Release|Any CPU = Release|Any CPU
	EndGlobalSection
	GlobalSection(ProjectConfigurationPlatforms) = postSolution
		{83AE7EAD-15AB-4297-A738-763759F9931E}.Debug|Any CPU.ActiveCfg = Debug|Any CPU
		{83AE7EAD-15AB-4297-A738-763759F9931E}.Debug|Any CPU.Build.0 = Debug|Any CPU
		{83AE7EAD-15AB-4297-A738-763759F9931E}.Release|Any CPU.ActiveCfg = Release|Any CPU
		{83AE7EAD-15AB-4297-A738-763759F9931E}.Release|Any CPU.Build.0 = Release|Any CPU
	EndGlobalSection
	GlobalSection(SolutionProperties) = preSolution
		HideSolutionNode = FALSE
	EndGlobalSection
	GlobalSection(ExtensibilityGlobals) = postSolution
		SolutionGuid = {529E00E8-7DCF-4DDB-9708-16B3C361EF01}
	EndGlobalSection
EndGlobal
